{
  "nodes": {
    "nixpkgs": {
      "locked": {
        "lastModified": 1670058159,
        "narHash": "sha256-ERiP2JWanLuGV1PDyHTbcigFCfIi9oco5LFdMJHjREE=",
        "owner": "NixOS",
        "repo": "nixpkgs",
        "rev": "49b8ad618e64d9fe9ab686817bfebe047860dcae",
        "type": "github"
      },
      "original": {
        "id": "nixpkgs",
        "type": "indirect"
      }
    },
    "root": {
      "inputs": {
        "nixpkgs": "nixpkgs"
      }
    }
  },
  "root": "root",
  "version": 7
}
